
Microsoft Visual Studio Solution File, Format Version 12.00
# Visual Studio Version 16
VisualStudioVersion = 16.0.30413.136
MinimumVisualStudioVersion = 10.0.40219.1
Project("{8BC9CEB8-8B4A-11D0-8D11-00A0C91BC942}") = "00_tcp_init", "00_tcp_init\00_tcp_init.vcxproj", "{47E55170-3B65-4718-8846-69385D4261D9}"
EndProject
Project("{8BC9CEB8-8B4A-11D0-8D11-00A0C91BC942}") = "01_tcp_client", "01_tcp_client\01_tcp_client.vcxproj", "{15EB9D9D-0AFA-4A81-92E2-2BB37EFF4B72}"
EndProject
Project("{8BC9CEB8-8B4A-11D0-8D11-00A0C91BC942}") = "01_tcp_server", "01_tcp_server\01_tcp_server.vcxproj", "{BFD3A259-9A1A-4D48-8060-F27DFC72A230}"
EndProject
Project("{8BC9CEB8-8B4A-11D0-8D11-00A0C91BC942}") = "02_tcp_client", "02_tcp_client\02_tcp_client.vcxproj", "{44E5D191-026F-42BF-83CD-D05EE80501AA}"
EndProject
Project("{8BC9CEB8-8B4A-11D0-8D11-00A0C91BC942}") = "02_tcp_server", "02_tcp_server\02_tcp_server.vcxproj", "{46E87269-1F98-41E9-9FFE-8D3000A5939F}"
EndProject
Project("{8BC9CEB8-8B4A-11D0-8D11-00A0C91BC942}") = "03_tcp_server", "03_tcp_server\03_tcp_server.vcxproj", "{2B25796B-4ABD-4F43-9589-235DB82A2EF4}"
EndProject
Project("{8BC9CEB8-8B4A-11D0-8D11-00A0C91BC942}") = "03_tcp_client", "03_tcp_client\03_tcp_client.vcxproj", "{CE285D8D-2856-4D73-85A1-15E56C893568}"
EndProject
Project("{8BC9CEB8-8B4A-11D0-8D11-00A0C91BC942}") = "04_tcp_client", "04_tcp_client\04_tcp_client.vcxproj", "{06773E60-2530-48B0-907E-205D3339E9F4}"
EndProject
Global
	GlobalSection(SolutionConfigurationPlatforms) = preSolution
		Debug|x64 = Debug|x64
		Debug|x86 = Debug|x86
		Release|x64 = Release|x64
		Release|x86 = Release|x86
	EndGlobalSection
	GlobalSection(ProjectConfigurationPlatforms) = postSolution
		{47E55170-3B65-4718-8846-69385D4261D9}.Debug|x64.ActiveCfg = Debug|x64
		{47E55170-3B65-4718-8846-69385D4261D9}.Debug|x64.Build.0 = Debug|x64
		{47E55170-3B65-4718-8846-69385D4261D9}.Debug|x86.ActiveCfg = Debug|Win32
		{47E55170-3B65-4718-8846-69385D4261D9}.Debug|x86.Build.0 = Debug|Win32
		{47E55170-3B65-4718-8846-69385D4261D9}.Release|x64.ActiveCfg = Release|x64
		{47E55170-3B65-4718-8846-69385D4261D9}.Release|x64.Build.0 = Release|x64
		{47E55170-3B65-4718-8846-69385D4261D9}.Release|x86.ActiveCfg = Release|Win32
		{47E55170-3B65-4718-8846-69385D4261D9}.Release|x86.Build.0 = Release|Win32
		{15EB9D9D-0AFA-4A81-92E2-2BB37EFF4B72}.Debug|x64.ActiveCfg = Debug|x64
		{15EB9D9D-0AFA-4A81-92E2-2BB37EFF4B72}.Debug|x64.Build.0 = Debug|x64
		{15EB9D9D-0AFA-4A81-92E2-2BB37EFF4B72}.Debug|x86.ActiveCfg = Debug|Win32
		{15EB9D9D-0AFA-4A81-92E2-2BB37EFF4B72}.Debug|x86.Build.0 = Debug|Win32
		{15EB9D9D-0AFA-4A81-92E2-2BB37EFF4B72}.Release|x64.ActiveCfg = Release|x64
		{15EB9D9D-0AFA-4A81-92E2-2BB37EFF4B72}.Release|x64.Build.0 = Release|x64
		{15EB9D9D-0AFA-4A81-92E2-2BB37EFF4B72}.Release|x86.ActiveCfg = Release|Win32
		{15EB9D9D-0AFA-4A81-92E2-2BB37EFF4B72}.Release|x86.Build.0 = Release|Win32
		{BFD3A259-9A1A-4D48-8060-F27DFC72A230}.Debug|x64.ActiveCfg = Debug|x64
		{BFD3A259-9A1A-4D48-8060-F27DFC72A230}.Debug|x64.Build.0 = Debug|x64
		{BFD3A259-9A1A-4D48-8060-F27DFC72A230}.Debug|x86.ActiveCfg = Debug|Win32
		{BFD3A259-9A1A-4D48-8060-F27DFC72A230}.Debug|x86.Build.0 = Debug|Win32
		{BFD3A259-9A1A-4D48-8060-F27DFC72A230}.Release|x64.ActiveCfg = Release|x64
		{BFD3A259-9A1A-4D48-8060-F27DFC72A230}.Release|x64.Build.0 = Release|x64
		{BFD3A259-9A1A-4D48-8060-F27DFC72A230}.Release|x86.ActiveCfg = Release|Win32
		{BFD3A259-9A1A-4D48-8060-F27DFC72A230}.Release|x86.Build.0 = Release|Win32
		{44E5D191-026F-42BF-83CD-D05EE80501AA}.Debug|x64.ActiveCfg = Debug|x64
		{44E5D191-026F-42BF-83CD-D05EE80501AA}.Debug|x64.Build.0 = Debug|x64
		{44E5D191-026F-42BF-83CD-D05EE80501AA}.Debug|x86.ActiveCfg = Debug|Win32
		{44E5D191-026F-42BF-83CD-D05EE80501AA}.Debug|x86.Build.0 = Debug|Win32
		{44E5D191-026F-42BF-83CD-D05EE80501AA}.Release|x64.ActiveCfg = Release|x64
		{44E5D191-026F-42BF-83CD-D05EE80501AA}.Release|x64.Build.0 = Release|x64
		{44E5D191-026F-42BF-83CD-D05EE80501AA}.Release|x86.ActiveCfg = Release|Win32
		{44E5D191-026F-42BF-83CD-D05EE80501AA}.Release|x86.Build.0 = Release|Win32
		{46E87269-1F98-41E9-9FFE-8D3000A5939F}.Debug|x64.ActiveCfg = Debug|x64
		{46E87269-1F98-41E9-9FFE-8D3000A5939F}.Debug|x64.Build.0 = Debug|x64
		{46E87269-1F98-41E9-9FFE-8D3000A5939F}.Debug|x86.ActiveCfg = Debug|Win32
		{46E87269-1F98-41E9-9FFE-8D3000A5939F}.Debug|x86.Build.0 = Debug|Win32
		{46E87269-1F98-41E9-9FFE-8D3000A5939F}.Release|x64.ActiveCfg = Release|x64
		{46E87269-1F98-41E9-9FFE-8D3000A5939F}.Release|x64.Build.0 = Release|x64
		{46E87269-1F98-41E9-9FFE-8D3000A5939F}.Release|x86.ActiveCfg = Release|Win32
		{46E87269-1F98-41E9-9FFE-8D3000A5939F}.Release|x86.Build.0 = Release|Win32
		{2B25796B-4ABD-4F43-9589-235DB82A2EF4}.Debug|x64.ActiveCfg = Debug|x64
		{2B25796B-4ABD-4F43-9589-235DB82A2EF4}.Debug|x64.Build.0 = Debug|x64
		{2B25796B-4ABD-4F43-9589-235DB82A2EF4}.Debug|x86.ActiveCfg = Debug|Win32
		{2B25796B-4ABD-4F43-9589-235DB82A2EF4}.Debug|x86.Build.0 = Debug|Win32
		{2B25796B-4ABD-4F43-9589-235DB82A2EF4}.Release|x64.ActiveCfg = Release|x64
		{2B25796B-4ABD-4F43-9589-235DB82A2EF4}.Release|x64.Build.0 = Release|x64
		{2B25796B-4ABD-4F43-9589-235DB82A2EF4}.Release|x86.ActiveCfg = Release|Win32
		{2B25796B-4ABD-4F43-9589-235DB82A2EF4}.Release|x86.Build.0 = Release|Win32
		{CE285D8D-2856-4D73-85A1-15E56C893568}.Debug|x64.ActiveCfg = Debug|x64
		{CE285D8D-2856-4D73-85A1-15E56C893568}.Debug|x64.Build.0 = Debug|x64
		{CE285D8D-2856-4D73-85A1-15E56C893568}.Debug|x86.ActiveCfg = Debug|Win32
		{CE285D8D-2856-4D73-85A1-15E56C893568}.Debug|x86.Build.0 = Debug|Win32
		{CE285D8D-2856-4D73-85A1-15E56C893568}.Release|x64.ActiveCfg = Release|x64
		{CE285D8D-2856-4D73-85A1-15E56C893568}.Release|x64.Build.0 = Release|x64
		{CE285D8D-2856-4D73-85A1-15E56C893568}.Release|x86.ActiveCfg = Release|Win32
		{CE285D8D-2856-4D73-85A1-15E56C893568}.Release|x86.Build.0 = Release|Win32
		{06773E60-2530-48B0-907E-205D3339E9F4}.Debug|x64.ActiveCfg = Debug|x64
		{06773E60-2530-48B0-907E-205D3339E9F4}.Debug|x64.Build.0 = Debug|x64
		{06773E60-2530-48B0-907E-205D3339E9F4}.Debug|x86.ActiveCfg = Debug|Win32
		{06773E60-2530-48B0-907E-205D3339E9F4}.Debug|x86.Build.0 = Debug|Win32
		{06773E60-2530-48B0-907E-205D3339E9F4}.Release|x64.ActiveCfg = Release|x64
		{06773E60-2530-48B0-907E-205D3339E9F4}.Release|x64.Build.0 = Release|x64
		{06773E60-2530-48B0-907E-205D3339E9F4}.Release|x86.ActiveCfg = Release|Win32
		{06773E60-2530-48B0-907E-205D3339E9F4}.Release|x86.Build.0 = Release|Win32
	EndGlobalSection
	GlobalSection(SolutionProperties) = preSolution
		HideSolutionNode = FALSE
	EndGlobalSection
	GlobalSection(ExtensibilityGlobals) = postSolution
		SolutionGuid = {F4E667D2-49A4-4095-86AC-6979D78D2529}
	EndGlobalSection
EndGlobal
